// !$*UTF8*$!
{
	archiveVersion = 1;
	classes = {
	};
	objectVersion = 56;
	objects = {

/* Begin PBXBuildFile section */
		AB1C1B3F2B7396F4003888F0 /* AppDelegate.swift in Sources */ = {isa = PBXBuildFile; fileRef = AB1C1B3E2B7396F4003888F0 /* AppDelegate.swift */; };
		AB1C1B462B7396F4003888F0 /* Main.storyboard in Resources */ = {isa = PBXBuildFile; fileRef = AB1C1B442B7396F4003888F0 /* Main.storyboard */; };
		AB1C1B4B2B7396F6003888F0 /* Assets.xcassets in Resources */ = {isa = PBXBuildFile; fileRef = AB1C1B4A2B7396F6003888F0 /* Assets.xcassets */; };
		AB1C1B4E2B7396F6003888F0 /* LaunchScreen.storyboard in Resources */ = {isa = PBXBuildFile; fileRef = AB1C1B4C2B7396F6003888F0 /* LaunchScreen.storyboard */; };
		AB1C1B562B739D2E003888F0 /* TaskListViewController.swift in Sources */ = {isa = PBXBuildFile; fileRef = AB1C1B552B739D2E003888F0 /* TaskListViewController.swift */; };
		AB1C1B582B739D42003888F0 /* TasksViewController.swift in Sources */ = {isa = PBXBuildFile; fileRef = AB1C1B572B739D42003888F0 /* TasksViewController.swift */; };
		AB1C1B5A2B739D54003888F0 /* AlertController.swift in Sources */ = {isa = PBXBuildFile; fileRef = AB1C1B592B739D54003888F0 /* AlertController.swift */; };
		AB1C1B5C2B739D66003888F0 /* TaskList.swift in Sources */ = {isa = PBXBuildFile; fileRef = AB1C1B5B2B739D66003888F0 /* TaskList.swift */; };
		AB1C1B5E2B739D72003888F0 /* StorageManager.swift in Sources */ = {isa = PBXBuildFile; fileRef = AB1C1B5D2B739D72003888F0 /* StorageManager.swift */; };
		AB1C1B642B73BDBD003888F0 /* Realm in Frameworks */ = {isa = PBXBuildFile; productRef = AB1C1B632B73BDBD003888F0 /* Realm */; };
		AB1C1B662B73BDBD003888F0 /* RealmSwift in Frameworks */ = {isa = PBXBuildFile; productRef = AB1C1B652B73BDBD003888F0 /* RealmSwift */; };
		AB1C1B682B73D06B003888F0 /* SceneDelegate.swift in Sources */ = {isa = PBXBuildFile; fileRef = AB1C1B672B73D06B003888F0 /* SceneDelegate.swift */; };
		AB1C1B6A2B74DB5A003888F0 /* DataManager.swift in Sources */ = {isa = PBXBuildFile; fileRef = AB1C1B692B74DB5A003888F0 /* DataManager.swift */; };
		AB1C1B6C2B74FBF1003888F0 /* Extension + UITableViewCell.swift in Sources */ = {isa = PBXBuildFile; fileRef = AB1C1B6B2B74FBF1003888F0 /* Extension + UITableViewCell.swift */; };
/* End PBXBuildFile section */

/* Begin PBXFileReference section */
		AB1C1B3B2B7396F4003888F0 /* TaskListsApp.app */ = {isa = PBXFileReference; explicitFileType = wrapper.application; includeInIndex = 0; path = TaskListsApp.app; sourceTree = BUILT_PRODUCTS_DIR; };
		AB1C1B3E2B7396F4003888F0 /* AppDelegate.swift */ = {isa = PBXFileReference; lastKnownFileType = sourcecode.swift; path = AppDelegate.swift; sourceTree = "<group>"; };
		AB1C1B452B7396F4003888F0 /* Base */ = {isa = PBXFileReference; lastKnownFileType = file.storyboard; name = Base; path = Base.lproj/Main.storyboard; sourceTree = "<group>"; };
		AB1C1B4A2B7396F6003888F0 /* Assets.xcassets */ = {isa = PBXFileReference; lastKnownFileType = folder.assetcatalog; path = Assets.xcassets; sourceTree = "<group>"; };
		AB1C1B4D2B7396F6003888F0 /* Base */ = {isa = PBXFileReference; lastKnownFileType = file.storyboard; name = Base; path = Base.lproj/LaunchScreen.storyboard; sourceTree = "<group>"; };
		AB1C1B4F2B7396F6003888F0 /* Info.plist */ = {isa = PBXFileReference; lastKnownFileType = text.plist.xml; path = Info.plist; sourceTree = "<group>"; };
		AB1C1B552B739D2E003888F0 /* TaskListViewController.swift */ = {isa = PBXFileReference; lastKnownFileType = sourcecode.swift; path = TaskListViewController.swift; sourceTree = "<group>"; };
		AB1C1B572B739D42003888F0 /* TasksViewController.swift */ = {isa = PBXFileReference; lastKnownFileType = sourcecode.swift; path = TasksViewController.swift; sourceTree = "<group>"; };
		AB1C1B592B739D54003888F0 /* AlertController.swift */ = {isa = PBXFileReference; lastKnownFileType = sourcecode.swift; path = AlertController.swift; sourceTree = "<group>"; };
		AB1C1B5B2B739D66003888F0 /* TaskList.swift */ = {isa = PBXFileReference; lastKnownFileType = sourcecode.swift; path = TaskList.swift; sourceTree = "<group>"; };
		AB1C1B5D2B739D72003888F0 /* StorageManager.swift */ = {isa = PBXFileReference; lastKnownFileType = sourcecode.swift; path = StorageManager.swift; sourceTree = "<group>"; };
		AB1C1B672B73D06B003888F0 /* SceneDelegate.swift */ = {isa = PBXFileReference; lastKnownFileType = sourcecode.swift; path = SceneDelegate.swift; sourceTree = "<group>"; };
		AB1C1B692B74DB5A003888F0 /* DataManager.swift */ = {isa = PBXFileReference; lastKnownFileType = sourcecode.swift; path = DataManager.swift; sourceTree = "<group>"; };
		AB1C1B6B2B74FBF1003888F0 /* Extension + UITableViewCell.swift */ = {isa = PBXFileReference; lastKnownFileType = sourcecode.swift; path = "Extension + UITableViewCell.swift"; sourceTree = "<group>"; };
/* End PBXFileReference section */

/* Begin PBXFrameworksBuildPhase section */
		AB1C1B382B7396F4003888F0 /* Frameworks */ = {
			isa = PBXFrameworksBuildPhase;
			buildActionMask = 2147483647;
			files = (
				AB1C1B662B73BDBD003888F0 /* RealmSwift in Frameworks */,
				AB1C1B642B73BDBD003888F0 /* Realm in Frameworks */,
			);
			runOnlyForDeploymentPostprocessing = 0;
		};
/* End PBXFrameworksBuildPhase section */

/* Begin PBXGroup section */
		AB1C1B322B7396F4003888F0 = {
			isa = PBXGroup;
			children = (
				AB1C1B3D2B7396F4003888F0 /* TaskListsApp */,
				AB1C1B3C2B7396F4003888F0 /* Products */,
			);
			sourceTree = "<group>";
		};
		AB1C1B3C2B7396F4003888F0 /* Products */ = {
			isa = PBXGroup;
			children = (
				AB1C1B3B2B7396F4003888F0 /* TaskListsApp.app */,
			);
			name = Products;
			sourceTree = "<group>";
		};
		AB1C1B3D2B7396F4003888F0 /* TaskListsApp */ = {
			isa = PBXGroup;
			children = (
				AB1C1B5F2B739D85003888F0 /* ViewControllers */,
				AB1C1B602B739D96003888F0 /* Models */,
				AB1C1B612B739DA0003888F0 /* Services */,
				AB1C1B3E2B7396F4003888F0 /* AppDelegate.swift */,
				AB1C1B672B73D06B003888F0 /* SceneDelegate.swift */,
				AB1C1B442B7396F4003888F0 /* Main.storyboard */,
				AB1C1B4C2B7396F6003888F0 /* LaunchScreen.storyboard */,
				AB1C1B4A2B7396F6003888F0 /* Assets.xcassets */,
				AB1C1B4F2B7396F6003888F0 /* Info.plist */,
			);
			path = TaskListsApp;
			sourceTree = "<group>";
		};
		AB1C1B5F2B739D85003888F0 /* ViewControllers */ = {
			isa = PBXGroup;
			children = (
				AB1C1B552B739D2E003888F0 /* TaskListViewController.swift */,
				AB1C1B572B739D42003888F0 /* TasksViewController.swift */,
				AB1C1B6B2B74FBF1003888F0 /* Extension + UITableViewCell.swift */,
				AB1C1B592B739D54003888F0 /* AlertController.swift */,
			);
			path = ViewControllers;
			sourceTree = "<group>";
		};
		AB1C1B602B739D96003888F0 /* Models */ = {
			isa = PBXGroup;
			children = (
				AB1C1B5B2B739D66003888F0 /* TaskList.swift */,
			);
			path = Models;
			sourceTree = "<group>";
		};
		AB1C1B612B739DA0003888F0 /* Services */ = {
			isa = PBXGroup;
			children = (
				AB1C1B5D2B739D72003888F0 /* StorageManager.swift */,
				AB1C1B692B74DB5A003888F0 /* DataManager.swift */,
			);
			path = Services;
			sourceTree = "<group>";
		};
/* End PBXGroup section */

/* Begin PBXNativeTarget section */
		AB1C1B3A2B7396F4003888F0 /* TaskListsApp */ = {
			isa = PBXNativeTarget;
			buildConfigurationList = AB1C1B522B7396F6003888F0 /* Build configuration list for PBXNativeTarget "TaskListsApp" */;
			buildPhases = (
				AB1C1B372B7396F4003888F0 /* Sources */,
				AB1C1B382B7396F4003888F0 /* Frameworks */,
				AB1C1B392B7396F4003888F0 /* Resources */,
			);
			buildRules = (
			);
			dependencies = (
			);
			name = TaskListsApp;
			packageProductDependencies = (
				AB1C1B632B73BDBD003888F0 /* Realm */,
				AB1C1B652B73BDBD003888F0 /* RealmSwift */,
			);
			productName = TaskListsApp;
			productReference = AB1C1B3B2B7396F4003888F0 /* TaskListsApp.app */;
			productType = "com.apple.product-type.application";
		};
/* End PBXNativeTarget section */

/* Begin PBXProject section */
		AB1C1B332B7396F4003888F0 /* Project object */ = {
			isa = PBXProject;
			attributes = {
				BuildIndependentTargetsInParallel = 1;
				LastSwiftUpdateCheck = 1520;
				LastUpgradeCheck = 1520;
				TargetAttributes = {
					AB1C1B3A2B7396F4003888F0 = {
						CreatedOnToolsVersion = 15.2;
					};
				};
			};
			buildConfigurationList = AB1C1B362B7396F4003888F0 /* Build configuration list for PBXProject "TaskListsApp" */;
			compatibilityVersion = "Xcode 14.0";
			developmentRegion = en;
			hasScannedForEncodings = 0;
			knownRegions = (
				en,
				Base,
			);
			mainGroup = AB1C1B322B7396F4003888F0;
			packageReferences = (
				AB1C1B622B73BDBD003888F0 /* XCRemoteSwiftPackageReference "realm-swift" */,
			);
			productRefGroup = AB1C1B3C2B7396F4003888F0 /* Products */;
			projectDirPath = "";
			projectRoot = "";
			targets = (
				AB1C1B3A2B7396F4003888F0 /* TaskListsApp */,
			);
		};
/* End PBXProject section */

/* Begin PBXResourcesBuildPhase section */
		AB1C1B392B7396F4003888F0 /* Resources */ = {
			isa = PBXResourcesBuildPhase;
			buildActionMask = 2147483647;
			files = (
				AB1C1B4E2B7396F6003888F0 /* LaunchScreen.storyboard in Resources */,
				AB1C1B4B2B7396F6003888F0 /* Assets.xcassets in Resources */,
				AB1C1B462B7396F4003888F0 /* Main.storyboard in Resources */,
			);
			runOnlyForDeploymentPostprocessing = 0;
		};
/* End PBXResourcesBuildPhase section */

/* Begin PBXSourcesBuildPhase section */
		AB1C1B372B7396F4003888F0 /* Sources */ = {
			isa = PBXSourcesBuildPhase;
			buildActionMask = 2147483647;
			files = (
				AB1C1B6C2B74FBF1003888F0 /* Extension + UITableViewCell.swift in Sources */,
				AB1C1B5C2B739D66003888F0 /* TaskList.swift in Sources */,
				AB1C1B6A2B74DB5A003888F0 /* DataManager.swift in Sources */,
				AB1C1B682B73D06B003888F0 /* SceneDelegate.swift in Sources */,
				AB1C1B562B739D2E003888F0 /* TaskListViewController.swift in Sources */,
				AB1C1B582B739D42003888F0 /* TasksViewController.swift in Sources */,
				AB1C1B5A2B739D54003888F0 /* AlertController.swift in Sources */,
				AB1C1B3F2B7396F4003888F0 /* AppDelegate.swift in Sources */,
				AB1C1B5E2B739D72003888F0 /* StorageManager.swift in Sources */,
			);
			runOnlyForDeploymentPostprocessing = 0;
		};
/* End PBXSourcesBuildPhase section */

/* Begin PBXVariantGroup section */
		AB1C1B442B7396F4003888F0 /* Main.storyboard */ = {
			isa = PBXVariantGroup;
			children = (
				AB1C1B452B7396F4003888F0 /* Base */,
			);
			name = Main.storyboard;
			sourceTree = "<group>";
		};
		AB1C1B4C2B7396F6003888F0 /* LaunchScreen.storyboard */ = {
			isa = PBXVariantGroup;
			children = (
				AB1C1B4D2B7396F6003888F0 /* Base */,
			);
			name = LaunchScreen.storyboard;
			sourceTree = "<group>";
		};
/* End PBXVariantGroup section */

/* Begin XCBuildConfiguration section */
		AB1C1B502B7396F6003888F0 /* Debug */ = {
			isa = XCBuildConfiguration;
			buildSettings = {
				ALWAYS_SEARCH_USER_PATHS = NO;
				ASSETCATALOG_COMPILER_GENERATE_SWIFT_ASSET_SYMBOL_EXTENSIONS = YES;
				CLANG_ANALYZER_NONNULL = YES;
				CLANG_ANALYZER_NUMBER_OBJECT_CONVERSION = YES_AGGRESSIVE;
				CLANG_CXX_LANGUAGE_STANDARD = "gnu++20";
				CLANG_ENABLE_MODULES = YES;
				CLANG_ENABLE_OBJC_ARC = YES;
				CLANG_ENABLE_OBJC_WEAK = YES;
				CLANG_WARN_BLOCK_CAPTURE_AUTORELEASING = YES;
				CLANG_WARN_BOOL_CONVERSION = YES;
				CLANG_WARN_COMMA = YES;
				CLANG_WARN_CONSTANT_CONVERSION = YES;
				CLANG_WARN_DEPRECATED_OBJC_IMPLEMENTATIONS = YES;
				CLANG_WARN_DIRECT_OBJC_ISA_USAGE = YES_ERROR;
				CLANG_WARN_DOCUMENTATION_COMMENTS = YES;
				CLANG_WARN_EMPTY_BODY = YES;
				CLANG_WARN_ENUM_CONVERSION = YES;
				CLANG_WARN_INFINITE_RECURSION = YES;
				CLANG_WARN_INT_CONVERSION = YES;
				CLANG_WARN_NON_LITERAL_NULL_CONVERSION = YES;
				CLANG_WARN_OBJC_IMPLICIT_RETAIN_SELF = YES;
				CLANG_WARN_OBJC_LITERAL_CONVERSION = YES;
				CLANG_WARN_OBJC_ROOT_CLASS = YES_ERROR;
				CLANG_WARN_QUOTED_INCLUDE_IN_FRAMEWORK_HEADER = YES;
				CLANG_WARN_RANGE_LOOP_ANALYSIS = YES;
				CLANG_WARN_STRICT_PROTOTYPES = YES;
				CLANG_WARN_SUSPICIOUS_MOVE = YES;
				CLANG_WARN_UNGUARDED_AVAILABILITY = YES_AGGRESSIVE;
				CLANG_WARN_UNREACHABLE_CODE = YES;
				CLANG_WARN__DUPLICATE_METHOD_MATCH = YES;
				COPY_PHASE_STRIP = NO;
				DEBUG_INFORMATION_FORMAT = dwarf;
				ENABLE_STRICT_OBJC_MSGSEND = YES;
				ENABLE_TESTABILITY = YES;
				ENABLE_USER_SCRIPT_SANDBOXING = YES;
				GCC_C_LANGUAGE_STANDARD = gnu17;
				GCC_DYNAMIC_NO_PIC = NO;
				GCC_NO_COMMON_BLOCKS = YES;
				GCC_OPTIMIZATION_LEVEL = 0;
				GCC_PREPROCESSOR_DEFINITIONS = (
					"DEBUG=1",
					"$(inherited)",
				);
				GCC_WARN_64_TO_32_BIT_CONVERSION = YES;
				GCC_WARN_ABOUT_RETURN_TYPE = YES_ERROR;
				GCC_WARN_UNDECLARED_SELECTOR = YES;
				GCC_WARN_UNINITIALIZED_AUTOS = YES_AGGRESSIVE;
				GCC_WARN_UNUSED_FUNCTION = YES;
				GCC_WARN_UNUSED_VARIABLE = YES;
				IPHONEOS_DEPLOYMENT_TARGET = 17.2;
				LOCALIZATION_PREFERS_STRING_CATALOGS = YES;
				MTL_ENABLE_DEBUG_INFO = INCLUDE_SOURCE;
				MTL_FAST_MATH = YES;
				ONLY_ACTIVE_ARCH = YES;
				SDKROOT = iphoneos;
				SWIFT_ACTIVE_COMPILATION_CONDITIONS = "DEBUG $(inherited)";
				SWIFT_OPTIMIZATION_LEVEL = "-Onone";
			};
			name = Debug;
		};
		AB1C1B512B7396F6003888F0 /* Release */ = {
			isa = XCBuildConfiguration;
			buildSettings = {
				ALWAYS_SEARCH_USER_PATHS = NO;
				ASSETCATALOG_COMPILER_GENERATE_SWIFT_ASSET_SYMBOL_EXTENSIONS = YES;
				CLANG_ANALYZER_NONNULL = YES;
				CLANG_ANALYZER_NUMBER_OBJECT_CONVERSION = YES_AGGRESSIVE;
				CLANG_CXX_LANGUAGE_STANDARD = "gnu++20";
				CLANG_ENABLE_MODULES = YES;
				CLANG_ENABLE_OBJC_ARC = YES;
				CLANG_ENABLE_OBJC_WEAK = YES;
				CLANG_WARN_BLOCK_CAPTURE_AUTORELEASING = YES;
				CLANG_WARN_BOOL_CONVERSION = YES;
				CLANG_WARN_COMMA = YES;
				CLANG_WARN_CONSTANT_CONVERSION = YES;
				CLANG_WARN_DEPRECATED_OBJC_IMPLEMENTATIONS = YES;
				CLANG_WARN_DIRECT_OBJC_ISA_USAGE = YES_ERROR;
				CLANG_WARN_DOCUMENTATION_COMMENTS = YES;
				CLANG_WARN_EMPTY_BODY = YES;
				CLANG_WARN_ENUM_CONVERSION = YES;
				CLANG_WARN_INFINITE_RECURSION = YES;
				CLANG_WARN_INT_CONVERSION = YES;
				CLANG_WARN_NON_LITERAL_NULL_CONVERSION = YES;
				CLANG_WARN_OBJC_IMPLICIT_RETAIN_SELF = YES;
				CLANG_WARN_OBJC_LITERAL_CONVERSION = YES;
				CLANG_WARN_OBJC_ROOT_CLASS = YES_ERROR;
				CLANG_WARN_QUOTED_INCLUDE_IN_FRAMEWORK_HEADER = YES;
				CLANG_WARN_RANGE_LOOP_ANALYSIS = YES;
				CLANG_WARN_STRICT_PROTOTYPES = YES;
				CLANG_WARN_SUSPICIOUS_MOVE = YES;
				CLANG_WARN_UNGUARDED_AVAILABILITY = YES_AGGRESSIVE;
				CLANG_WARN_UNREACHABLE_CODE = YES;
				CLANG_WARN__DUPLICATE_METHOD_MATCH = YES;
				COPY_PHASE_STRIP = NO;
				DEBUG_INFORMATION_FORMAT = "dwarf-with-dsym";
				ENABLE_NS_ASSERTIONS = NO;
				ENABLE_STRICT_OBJC_MSGSEND = YES;
				ENABLE_USER_SCRIPT_SANDBOXING = YES;
				GCC_C_LANGUAGE_STANDARD = gnu17;
				GCC_NO_COMMON_BLOCKS = YES;
				GCC_WARN_64_TO_32_BIT_CONVERSION = YES;
				GCC_WARN_ABOUT_RETURN_TYPE = YES_ERROR;
				GCC_WARN_UNDECLARED_SELECTOR = YES;
				GCC_WARN_UNINITIALIZED_AUTOS = YES_AGGRESSIVE;
				GCC_WARN_UNUSED_FUNCTION = YES;
				GCC_WARN_UNUSED_VARIABLE = YES;
				IPHONEOS_DEPLOYMENT_TARGET = 17.2;
				LOCALIZATION_PREFERS_STRING_CATALOGS = YES;
				MTL_ENABLE_DEBUG_INFO = NO;
				MTL_FAST_MATH = YES;
				SDKROOT = iphoneos;
				SWIFT_COMPILATION_MODE = wholemodule;
				VALIDATE_PRODUCT = YES;
			};
			name = Release;
		};
		AB1C1B532B7396F6003888F0 /* Debug */ = {
			isa = XCBuildConfiguration;
			buildSettings = {
				ASSETCATALOG_COMPILER_APPICON_NAME = AppIcon;
				ASSETCATALOG_COMPILER_GLOBAL_ACCENT_COLOR_NAME = AccentColor;
				CODE_SIGN_STYLE = Automatic;
				CURRENT_PROJECT_VERSION = 1;
				DEVELOPMENT_TEAM = GXFTAP3CFN;
				GENERATE_INFOPLIST_FILE = YES;
				INFOPLIST_FILE = TaskListsApp/Info.plist;
				INFOPLIST_KEY_UIApplicationSupportsIndirectInputEvents = YES;
				INFOPLIST_KEY_UILaunchStoryboardName = LaunchScreen;
				INFOPLIST_KEY_UIMainStoryboardFile = Main;
				INFOPLIST_KEY_UISupportedInterfaceOrientations = UIInterfaceOrientationPortrait;
				INFOPLIST_KEY_UISupportedInterfaceOrientations_iPad = "UIInterfaceOrientationLandscapeLeft UIInterfaceOrientationLandscapeRight UIInterfaceOrientationPortrait UIInterfaceOrientationPortraitUpsideDown";
				IPHONEOS_DEPLOYMENT_TARGET = 16.0;
				LD_RUNPATH_SEARCH_PATHS = (
					"$(inherited)",
					"@executable_path/Frameworks",
				);
				MARKETING_VERSION = 1.0;
				PRODUCT_BUNDLE_IDENTIFIER = ru.tio.TaskListsApp;
				PRODUCT_NAME = "$(TARGET_NAME)";
				SUPPORTED_PLATFORMS = "iphoneos iphonesimulator";
				SUPPORTS_MACCATALYST = NO;
				SUPPORTS_MAC_DESIGNED_FOR_IPHONE_IPAD = NO;
				SUPPORTS_XR_DESIGNED_FOR_IPHONE_IPAD = NO;
				SWIFT_EMIT_LOC_STRINGS = YES;
				SWIFT_VERSION = 5.0;
				TARGETED_DEVICE_FAMILY = 1;
			};
			name = Debug;
		};
		AB1C1B542B7396F6003888F0 /* Release */ = {
			isa = XCBuildConfiguration;
			buildSettings = {
				ASSETCATALOG_COMPILER_APPICON_NAME = AppIcon;
				ASSETCATALOG_COMPILER_GLOBAL_ACCENT_COLOR_NAME = AccentColor;
				CODE_SIGN_STYLE = Automatic;
				CURRENT_PROJECT_VERSION = 1;
				DEVELOPMENT_TEAM = GXFTAP3CFN;
				GENERATE_INFOPLIST_FILE = YES;
				INFOPLIST_FILE = TaskListsApp/Info.plist;
				INFOPLIST_KEY_UIApplicationSupportsIndirectInputEvents = YES;
				INFOPLIST_KEY_UILaunchStoryboardName = LaunchScreen;
				INFOPLIST_KEY_UIMainStoryboardFile = Main;
				INFOPLIST_KEY_UISupportedInterfaceOrientations = UIInterfaceOrientationPortrait;
				INFOPLIST_KEY_UISupportedInterfaceOrientations_iPad = "UIInterfaceOrientationLandscapeLeft UIInterfaceOrientationLandscapeRight UIInterfaceOrientationPortrait UIInterfaceOrientationPortraitUpsideDown";
				IPHONEOS_DEPLOYMENT_TARGET = 16.0;
				LD_RUNPATH_SEARCH_PATHS = (
					"$(inherited)",
					"@executable_path/Frameworks",
				);
				MARKETING_VERSION = 1.0;
				PRODUCT_BUNDLE_IDENTIFIER = ru.tio.TaskListsApp;
				PRODUCT_NAME = "$(TARGET_NAME)";
				SUPPORTED_PLATFORMS = "iphoneos iphonesimulator";
				SUPPORTS_MACCATALYST = NO;
				SUPPORTS_MAC_DESIGNED_FOR_IPHONE_IPAD = NO;
				SUPPORTS_XR_DESIGNED_FOR_IPHONE_IPAD = NO;
				SWIFT_EMIT_LOC_STRINGS = YES;
				SWIFT_VERSION = 5.0;
				TARGETED_DEVICE_FAMILY = 1;
			};
			name = Release;
		};
/* End XCBuildConfiguration section */

/* Begin XCConfigurationList section */
		AB1C1B362B7396F4003888F0 /* Build configuration list for PBXProject "TaskListsApp" */ = {
			isa = XCConfigurationList;
			buildConfigurations = (
				AB1C1B502B7396F6003888F0 /* Debug */,
				AB1C1B512B7396F6003888F0 /* Release */,
			);
			defaultConfigurationIsVisible = 0;
			defaultConfigurationName = Release;
		};
		AB1C1B522B7396F6003888F0 /* Build configuration list for PBXNativeTarget "TaskListsApp" */ = {
			isa = XCConfigurationList;
			buildConfigurations = (
				AB1C1B532B7396F6003888F0 /* Debug */,
				AB1C1B542B7396F6003888F0 /* Release */,
			);
			defaultConfigurationIsVisible = 0;
			defaultConfigurationName = Release;
		};
/* End XCConfigurationList section */

/* Begin XCRemoteSwiftPackageReference section */
		AB1C1B622B73BDBD003888F0 /* XCRemoteSwiftPackageReference "realm-swift" */ = {
			isa = XCRemoteSwiftPackageReference;
			repositoryURL = "https://github.com/realm/realm-swift.git";
			requirement = {
				branch = master;
				kind = branch;
			};
		};
/* End XCRemoteSwiftPackageReference section */

/* Begin XCSwiftPackageProductDependency section */
		AB1C1B632B73BDBD003888F0 /* Realm */ = {
			isa = XCSwiftPackageProductDependency;
			package = AB1C1B622B73BDBD003888F0 /* XCRemoteSwiftPackageReference "realm-swift" */;
			productName = Realm;
		};
		AB1C1B652B73BDBD003888F0 /* RealmSwift */ = {
			isa = XCSwiftPackageProductDependency;
			package = AB1C1B622B73BDBD003888F0 /* XCRemoteSwiftPackageReference "realm-swift" */;
			productName = RealmSwift;
		};
/* End XCSwiftPackageProductDependency section */
	};
	rootObject = AB1C1B332B7396F4003888F0 /* Project object */;
}
